{
  "name": "parc-ts-app",
  "version": "0.0.0",
  "lockfileVersion": 1,
  "requires": true,
  "dependencies": {
    "@types/node": {
      "version": "8.10.65",
      "resolved": "https://registry.npmjs.org/@types/node/-/node-8.10.65.tgz",
      "integrity": "sha512-xdcqtQl1g3p/49kmcj7ZixPWOcNHA1tYNz+uN0PJEcgtN6zywK74aacTnd3eFGPuBpD7kK8vowmMRkUt6jHU/Q==",
      "dev": true
    }
  }
}
